{
  "name": "monorepo-example",
  "version": "1.0.0",
  "lockfileVersion": 2,
  "requires": true,
  "packages": {
    "": {
      "name": "monorepo-example",
      "version": "1.0.0",
      "license": "ISC",
      "workspaces": [
        "packages/backend",
        "packages/frontend"
      ]
    },
    "node_modules/@monorepo-example/backend": {
      "resolved": "packages/backend",
      "link": true
    },
    "node_modules/@monorepo-example/frontend": {
      "resolved": "packages/frontend",
      "link": true
    },
    "packages/backend": {
      "name": "@monorepo-example/backend",
      "version": "1.0.0"
    },
    "packages/frontend": {
      "name": "@monorepo-example/frontend",
      "version": "1.0.0",
      "dependencies": {
        "@monorepo-example/backend": "1.0.0"
      }
    }
  },
  "dependencies": {
    "@monorepo-example/backend": {
      "version": "file:packages/backend"
    },
    "@monorepo-example/frontend": {
      "version": "file:packages/frontend",
      "requires": {
        "@monorepo-example/backend": "1.0.0"
      }
    }
  }
}
